
Microsoft Visual Studio Solution File, Format Version 12.00
# Blend for Visual Studio Version 16
VisualStudioVersion = 16.0.29503.13
MinimumVisualStudioVersion = 10.0.40219.1
Project("{FAE04EC0-301F-11D3-BF4B-00C04F79EFBC}") = "DemoCrudMVVM", "DemoCrudMVVM.csproj", "{4F88F226-B863-40EF-96A9-95E7DAB15131}"
EndProject
Global
	GlobalSection(SolutionConfigurationPlatforms) = preSolution
		Debug|Any CPU = Debug|Any CPU
		Release|Any CPU = Release|Any CPU
	EndGlobalSection
	GlobalSection(ProjectConfigurationPlatforms) = postSolution
		{4F88F226-B863-40EF-96A9-95E7DAB15131}.Debug|Any CPU.ActiveCfg = Debug|Any CPU
		{4F88F226-B863-40EF-96A9-95E7DAB15131}.Debug|Any CPU.Build.0 = Debug|Any CPU
		{4F88F226-B863-40EF-96A9-95E7DAB15131}.Release|Any CPU.ActiveCfg = Release|Any CPU
		{4F88F226-B863-40EF-96A9-95E7DAB15131}.Release|Any CPU.Build.0 = Release|Any CPU
	EndGlobalSection
	GlobalSection(SolutionProperties) = preSolution
		HideSolutionNode = FALSE
	EndGlobalSection
	GlobalSection(ExtensibilityGlobals) = postSolution
		SolutionGuid = {C64B83FA-7B77-4E42-9126-AD8B0C1328CE}
	EndGlobalSection
EndGlobal
